
Microsoft Visual Studio Solution File, Format Version 12.00
# Visual Studio 15
VisualStudioVersion = 15.0.26124.0
MinimumVisualStudioVersion = 15.0.26124.0
Project("{2150E333-8FDC-42A3-9474-1A3956D46DE8}") = "test", "test", "{9E2EE2C7-3701-4A71-81F4-30CE764B3C4D}"
EndProject
Project("{FAE04EC0-301F-11D3-BF4B-00C04F79EFBC}") = "Solex.DevTask.Api.Tests", "test\Solex.DevTask.Api.Tests\Solex.DevTask.Api.Tests.csproj", "{5218EDC7-C974-4107-8575-D83B2B23681F}"
EndProject
Project("{2150E333-8FDC-42A3-9474-1A3956D46DE8}") = "src", "src", "{E2112111-496E-4A12-93B2-D7850E83E621}"
EndProject
Project("{FAE04EC0-301F-11D3-BF4B-00C04F79EFBC}") = "Solex.DevTask.Api", "src\Solex.DevTask.Api\Solex.DevTask.Api.csproj", "{8BAE392A-FC03-4C06-9701-135CD2A984E0}"
EndProject
Global
	GlobalSection(SolutionConfigurationPlatforms) = preSolution
		Debug|Any CPU = Debug|Any CPU
		Debug|x64 = Debug|x64
		Debug|x86 = Debug|x86
		Release|Any CPU = Release|Any CPU
		Release|x64 = Release|x64
		Release|x86 = Release|x86
	EndGlobalSection
	GlobalSection(SolutionProperties) = preSolution
		HideSolutionNode = FALSE
	EndGlobalSection
	GlobalSection(ProjectConfigurationPlatforms) = postSolution
		{5218EDC7-C974-4107-8575-D83B2B23681F}.Debug|Any CPU.ActiveCfg = Debug|Any CPU
		{5218EDC7-C974-4107-8575-D83B2B23681F}.Debug|Any CPU.Build.0 = Debug|Any CPU
		{5218EDC7-C974-4107-8575-D83B2B23681F}.Debug|x64.ActiveCfg = Debug|Any CPU
		{5218EDC7-C974-4107-8575-D83B2B23681F}.Debug|x64.Build.0 = Debug|Any CPU
		{5218EDC7-C974-4107-8575-D83B2B23681F}.Debug|x86.ActiveCfg = Debug|Any CPU
		{5218EDC7-C974-4107-8575-D83B2B23681F}.Debug|x86.Build.0 = Debug|Any CPU
		{5218EDC7-C974-4107-8575-D83B2B23681F}.Release|Any CPU.ActiveCfg = Release|Any CPU
		{5218EDC7-C974-4107-8575-D83B2B23681F}.Release|Any CPU.Build.0 = Release|Any CPU
		{5218EDC7-C974-4107-8575-D83B2B23681F}.Release|x64.ActiveCfg = Release|Any CPU
		{5218EDC7-C974-4107-8575-D83B2B23681F}.Release|x64.Build.0 = Release|Any CPU
		{5218EDC7-C974-4107-8575-D83B2B23681F}.Release|x86.ActiveCfg = Release|Any CPU
		{5218EDC7-C974-4107-8575-D83B2B23681F}.Release|x86.Build.0 = Release|Any CPU
		{8BAE392A-FC03-4C06-9701-135CD2A984E0}.Debug|Any CPU.ActiveCfg = Debug|Any CPU
		{8BAE392A-FC03-4C06-9701-135CD2A984E0}.Debug|Any CPU.Build.0 = Debug|Any CPU
		{8BAE392A-FC03-4C06-9701-135CD2A984E0}.Debug|x64.ActiveCfg = Debug|Any CPU
		{8BAE392A-FC03-4C06-9701-135CD2A984E0}.Debug|x64.Build.0 = Debug|Any CPU
		{8BAE392A-FC03-4C06-9701-135CD2A984E0}.Debug|x86.ActiveCfg = Debug|Any CPU
		{8BAE392A-FC03-4C06-9701-135CD2A984E0}.Debug|x86.Build.0 = Debug|Any CPU
		{8BAE392A-FC03-4C06-9701-135CD2A984E0}.Release|Any CPU.ActiveCfg = Release|Any CPU
		{8BAE392A-FC03-4C06-9701-135CD2A984E0}.Release|Any CPU.Build.0 = Release|Any CPU
		{8BAE392A-FC03-4C06-9701-135CD2A984E0}.Release|x64.ActiveCfg = Release|Any CPU
		{8BAE392A-FC03-4C06-9701-135CD2A984E0}.Release|x64.Build.0 = Release|Any CPU
		{8BAE392A-FC03-4C06-9701-135CD2A984E0}.Release|x86.ActiveCfg = Release|Any CPU
		{8BAE392A-FC03-4C06-9701-135CD2A984E0}.Release|x86.Build.0 = Release|Any CPU
	EndGlobalSection
	GlobalSection(NestedProjects) = preSolution
		{5218EDC7-C974-4107-8575-D83B2B23681F} = {9E2EE2C7-3701-4A71-81F4-30CE764B3C4D}
		{8BAE392A-FC03-4C06-9701-135CD2A984E0} = {E2112111-496E-4A12-93B2-D7850E83E621}
	EndGlobalSection
EndGlobal
